// !$*UTF8*$!
{
	archiveVersion = 1;
	classes = {
	};
	objectVersion = 51;
	objects = {

/* Begin PBXBuildFile section */
		4FDAC66F07A54B29DAE76C31 /* Pods_Flix_FlixUITests.framework in Frameworks */ = {isa = PBXBuildFile; fileRef = 132F531335B4DFAF0EC3CDFF /* Pods_Flix_FlixUITests.framework */; };
		5C1B7F1323DA80C20093C8D2 /* AppDelegate.swift in Sources */ = {isa = PBXBuildFile; fileRef = 5C1B7F1223DA80C20093C8D2 /* AppDelegate.swift */; };
		5C1B7F1523DA80C20093C8D2 /* SceneDelegate.swift in Sources */ = {isa = PBXBuildFile; fileRef = 5C1B7F1423DA80C20093C8D2 /* SceneDelegate.swift */; };
		5C1B7F1A23DA80C20093C8D2 /* Main.storyboard in Resources */ = {isa = PBXBuildFile; fileRef = 5C1B7F1823DA80C20093C8D2 /* Main.storyboard */; };
		5C1B7F1C23DA80C30093C8D2 /* Assets.xcassets in Resources */ = {isa = PBXBuildFile; fileRef = 5C1B7F1B23DA80C30093C8D2 /* Assets.xcassets */; };
		5C1B7F1F23DA80C30093C8D2 /* LaunchScreen.storyboard in Resources */ = {isa = PBXBuildFile; fileRef = 5C1B7F1D23DA80C30093C8D2 /* LaunchScreen.storyboard */; };
		5C1B7F2A23DA80C40093C8D2 /* FlixTests.swift in Sources */ = {isa = PBXBuildFile; fileRef = 5C1B7F2923DA80C40093C8D2 /* FlixTests.swift */; };
		5C1B7F3523DA80C40093C8D2 /* FlixUITests.swift in Sources */ = {isa = PBXBuildFile; fileRef = 5C1B7F3423DA80C40093C8D2 /* FlixUITests.swift */; };
		5C1B7F4323DA82610093C8D2 /* MoviesViewController.swift in Sources */ = {isa = PBXBuildFile; fileRef = 5C1B7F4223DA82610093C8D2 /* MoviesViewController.swift */; };
		5C1B7F4B23DA95640093C8D2 /* MovieCellTableViewCell.swift in Sources */ = {isa = PBXBuildFile; fileRef = 5C1B7F4A23DA95640093C8D2 /* MovieCellTableViewCell.swift */; };
		5C4ACDFA23ECF447004EA6E2 /* MovieDetailsViewController.swift in Sources */ = {isa = PBXBuildFile; fileRef = 5C4ACDF923ECF447004EA6E2 /* MovieDetailsViewController.swift */; };
		5C4ACDFC23ECF4A9004EA6E2 /* MovieGridCell.swift in Sources */ = {isa = PBXBuildFile; fileRef = 5C4ACDFB23ECF4A9004EA6E2 /* MovieGridCell.swift */; };
		5C4ACE0823ECF952004EA6E2 /* MovieGridViewController.swift in Sources */ = {isa = PBXBuildFile; fileRef = 5C4ACE0723ECF952004EA6E2 /* MovieGridViewController.swift */; };
		BF2E129DBF3378D925CCDBED /* Pods_FlixTests.framework in Frameworks */ = {isa = PBXBuildFile; fileRef = 42044FF10A9CDD4FFB59BE2B /* Pods_FlixTests.framework */; };
		D61369EEA85A35DB9B0123C5 /* Pods_Flix.framework in Frameworks */ = {isa = PBXBuildFile; fileRef = F6F150544FB41877435CC148 /* Pods_Flix.framework */; };
/* End PBXBuildFile section */

/* Begin PBXContainerItemProxy section */
		5C1B7F2623DA80C40093C8D2 /* PBXContainerItemProxy */ = {
			isa = PBXContainerItemProxy;
			containerPortal = 5C1B7F0723DA80C20093C8D2 /* Project object */;
			proxyType = 1;
			remoteGlobalIDString = 5C1B7F0E23DA80C20093C8D2;
			remoteInfo = Flix;
		};
		5C1B7F3123DA80C40093C8D2 /* PBXContainerItemProxy */ = {
			isa = PBXContainerItemProxy;
			containerPortal = 5C1B7F0723DA80C20093C8D2 /* Project object */;
			proxyType = 1;
			remoteGlobalIDString = 5C1B7F0E23DA80C20093C8D2;
			remoteInfo = Flix;
		};
/* End PBXContainerItemProxy section */

/* Begin PBXFileReference section */
		132F531335B4DFAF0EC3CDFF /* Pods_Flix_FlixUITests.framework */ = {isa = PBXFileReference; explicitFileType = wrapper.framework; includeInIndex = 0; path = Pods_Flix_FlixUITests.framework; sourceTree = BUILT_PRODUCTS_DIR; };
		1AFB1FBC3789BE6E43B5D427 /* Pods-Flix-FlixUITests.release.xcconfig */ = {isa = PBXFileReference; includeInIndex = 1; lastKnownFileType = text.xcconfig; name = "Pods-Flix-FlixUITests.release.xcconfig"; path = "Target Support Files/Pods-Flix-FlixUITests/Pods-Flix-FlixUITests.release.xcconfig"; sourceTree = "<group>"; };
		42044FF10A9CDD4FFB59BE2B /* Pods_FlixTests.framework */ = {isa = PBXFileReference; explicitFileType = wrapper.framework; includeInIndex = 0; path = Pods_FlixTests.framework; sourceTree = BUILT_PRODUCTS_DIR; };
		48C944C1DA238B26D26A834E /* Pods-Flix.debug.xcconfig */ = {isa = PBXFileReference; includeInIndex = 1; lastKnownFileType = text.xcconfig; name = "Pods-Flix.debug.xcconfig"; path = "Target Support Files/Pods-Flix/Pods-Flix.debug.xcconfig"; sourceTree = "<group>"; };
		5C1B7F0F23DA80C20093C8D2 /* Flix.app */ = {isa = PBXFileReference; explicitFileType = wrapper.application; includeInIndex = 0; path = Flix.app; sourceTree = BUILT_PRODUCTS_DIR; };
		5C1B7F1223DA80C20093C8D2 /* AppDelegate.swift */ = {isa = PBXFileReference; lastKnownFileType = sourcecode.swift; path = AppDelegate.swift; sourceTree = "<group>"; };
		5C1B7F1423DA80C20093C8D2 /* SceneDelegate.swift */ = {isa = PBXFileReference; lastKnownFileType = sourcecode.swift; path = SceneDelegate.swift; sourceTree = "<group>"; };
		5C1B7F1923DA80C20093C8D2 /* Base */ = {isa = PBXFileReference; lastKnownFileType = file.storyboard; name = Base; path = Base.lproj/Main.storyboard; sourceTree = "<group>"; };
		5C1B7F1B23DA80C30093C8D2 /* Assets.xcassets */ = {isa = PBXFileReference; lastKnownFileType = folder.assetcatalog; path = Assets.xcassets; sourceTree = "<group>"; };
		5C1B7F1E23DA80C30093C8D2 /* Base */ = {isa = PBXFileReference; lastKnownFileType = file.storyboard; name = Base; path = Base.lproj/LaunchScreen.storyboard; sourceTree = "<group>"; };
		5C1B7F2023DA80C30093C8D2 /* Info.plist */ = {isa = PBXFileReference; lastKnownFileType = text.plist.xml; path = Info.plist; sourceTree = "<group>"; };
		5C1B7F2523DA80C40093C8D2 /* FlixTests.xctest */ = {isa = PBXFileReference; explicitFileType = wrapper.cfbundle; includeInIndex = 0; path = FlixTests.xctest; sourceTree = BUILT_PRODUCTS_DIR; };
		5C1B7F2923DA80C40093C8D2 /* FlixTests.swift */ = {isa = PBXFileReference; lastKnownFileType = sourcecode.swift; path = FlixTests.swift; sourceTree = "<group>"; };
		5C1B7F2B23DA80C40093C8D2 /* Info.plist */ = {isa = PBXFileReference; lastKnownFileType = text.plist.xml; path = Info.plist; sourceTree = "<group>"; };
		5C1B7F3023DA80C40093C8D2 /* FlixUITests.xctest */ = {isa = PBXFileReference; explicitFileType = wrapper.cfbundle; includeInIndex = 0; path = FlixUITests.xctest; sourceTree = BUILT_PRODUCTS_DIR; };
		5C1B7F3423DA80C40093C8D2 /* FlixUITests.swift */ = {isa = PBXFileReference; lastKnownFileType = sourcecode.swift; path = FlixUITests.swift; sourceTree = "<group>"; };
		5C1B7F3623DA80C40093C8D2 /* Info.plist */ = {isa = PBXFileReference; lastKnownFileType = text.plist.xml; path = Info.plist; sourceTree = "<group>"; };
		5C1B7F4223DA82610093C8D2 /* MoviesViewController.swift */ = {isa = PBXFileReference; lastKnownFileType = sourcecode.swift; path = MoviesViewController.swift; sourceTree = "<group>"; };
		5C1B7F4A23DA95640093C8D2 /* MovieCellTableViewCell.swift */ = {isa = PBXFileReference; lastKnownFileType = sourcecode.swift; path = MovieCellTableViewCell.swift; sourceTree = "<group>"; };
		5C4ACDF923ECF447004EA6E2 /* MovieDetailsViewController.swift */ = {isa = PBXFileReference; lastKnownFileType = sourcecode.swift; path = MovieDetailsViewController.swift; sourceTree = "<group>"; };
		5C4ACDFB23ECF4A9004EA6E2 /* MovieGridCell.swift */ = {isa = PBXFileReference; lastKnownFileType = sourcecode.swift; path = MovieGridCell.swift; sourceTree = "<group>"; };
		5C4ACE0723ECF952004EA6E2 /* MovieGridViewController.swift */ = {isa = PBXFileReference; lastKnownFileType = sourcecode.swift; path = MovieGridViewController.swift; sourceTree = "<group>"; };
		AB363C6FB6C5D6FD046CE34D /* Pods-FlixTests.release.xcconfig */ = {isa = PBXFileReference; includeInIndex = 1; lastKnownFileType = text.xcconfig; name = "Pods-FlixTests.release.xcconfig"; path = "Target Support Files/Pods-FlixTests/Pods-FlixTests.release.xcconfig"; sourceTree = "<group>"; };
		AEB350B08BE61FEBF8FCC114 /* Pods-Flix.release.xcconfig */ = {isa = PBXFileReference; includeInIndex = 1; lastKnownFileType = text.xcconfig; name = "Pods-Flix.release.xcconfig"; path = "Target Support Files/Pods-Flix/Pods-Flix.release.xcconfig"; sourceTree = "<group>"; };
		BCCB41A5C3E5F369A6400A5F /* Pods-Flix-FlixUITests.debug.xcconfig */ = {isa = PBXFileReference; includeInIndex = 1; lastKnownFileType = text.xcconfig; name = "Pods-Flix-FlixUITests.debug.xcconfig"; path = "Target Support Files/Pods-Flix-FlixUITests/Pods-Flix-FlixUITests.debug.xcconfig"; sourceTree = "<group>"; };
		F6F150544FB41877435CC148 /* Pods_Flix.framework */ = {isa = PBXFileReference; explicitFileType = wrapper.framework; includeInIndex = 0; path = Pods_Flix.framework; sourceTree = BUILT_PRODUCTS_DIR; };
		FF066E08AE42EE323ABB5694 /* Pods-FlixTests.debug.xcconfig */ = {isa = PBXFileReference; includeInIndex = 1; lastKnownFileType = text.xcconfig; name = "Pods-FlixTests.debug.xcconfig"; path = "Target Support Files/Pods-FlixTests/Pods-FlixTests.debug.xcconfig"; sourceTree = "<group>"; };
/* End PBXFileReference section */

/* Begin PBXFrameworksBuildPhase section */
		5C1B7F0C23DA80C20093C8D2 /* Frameworks */ = {
			isa = PBXFrameworksBuildPhase;
			buildActionMask = 2147483647;
			files = (
				D61369EEA85A35DB9B0123C5 /* Pods_Flix.framework in Frameworks */,
			);
			runOnlyForDeploymentPostprocessing = 0;
		};
		5C1B7F2223DA80C40093C8D2 /* Frameworks */ = {
			isa = PBXFrameworksBuildPhase;
			buildActionMask = 2147483647;
			files = (
				BF2E129DBF3378D925CCDBED /* Pods_FlixTests.framework in Frameworks */,
			);
			runOnlyForDeploymentPostprocessing = 0;
		};
		5C1B7F2D23DA80C40093C8D2 /* Frameworks */ = {
			isa = PBXFrameworksBuildPhase;
			buildActionMask = 2147483647;
			files = (
				4FDAC66F07A54B29DAE76C31 /* Pods_Flix_FlixUITests.framework in Frameworks */,
			);
			runOnlyForDeploymentPostprocessing = 0;
		};
/* End PBXFrameworksBuildPhase section */

/* Begin PBXGroup section */
		277464CF44E96A39D6EC64CE /* Pods */ = {
			isa = PBXGroup;
			children = (
				48C944C1DA238B26D26A834E /* Pods-Flix.debug.xcconfig */,
				AEB350B08BE61FEBF8FCC114 /* Pods-Flix.release.xcconfig */,
				BCCB41A5C3E5F369A6400A5F /* Pods-Flix-FlixUITests.debug.xcconfig */,
				1AFB1FBC3789BE6E43B5D427 /* Pods-Flix-FlixUITests.release.xcconfig */,
				FF066E08AE42EE323ABB5694 /* Pods-FlixTests.debug.xcconfig */,
				AB363C6FB6C5D6FD046CE34D /* Pods-FlixTests.release.xcconfig */,
			);
			path = Pods;
			sourceTree = "<group>";
		};
		5C1B7F0623DA80C20093C8D2 = {
			isa = PBXGroup;
			children = (
				5C1B7F1123DA80C20093C8D2 /* Flix */,
				5C1B7F2823DA80C40093C8D2 /* FlixTests */,
				5C1B7F3323DA80C40093C8D2 /* FlixUITests */,
				5C1B7F1023DA80C20093C8D2 /* Products */,
				277464CF44E96A39D6EC64CE /* Pods */,
				9E2219618476CF6350FBC761 /* Frameworks */,
			);
			sourceTree = "<group>";
		};
		5C1B7F1023DA80C20093C8D2 /* Products */ = {
			isa = PBXGroup;
			children = (
				5C1B7F0F23DA80C20093C8D2 /* Flix.app */,
				5C1B7F2523DA80C40093C8D2 /* FlixTests.xctest */,
				5C1B7F3023DA80C40093C8D2 /* FlixUITests.xctest */,
			);
			name = Products;
			sourceTree = "<group>";
		};
		5C1B7F1123DA80C20093C8D2 /* Flix */ = {
			isa = PBXGroup;
			children = (
				5C1B7F1223DA80C20093C8D2 /* AppDelegate.swift */,
				5C1B7F1423DA80C20093C8D2 /* SceneDelegate.swift */,
				5C1B7F1823DA80C20093C8D2 /* Main.storyboard */,
				5C4ACDFB23ECF4A9004EA6E2 /* MovieGridCell.swift */,
				5C1B7F1B23DA80C30093C8D2 /* Assets.xcassets */,
				5C1B7F1D23DA80C30093C8D2 /* LaunchScreen.storyboard */,
				5C1B7F2023DA80C30093C8D2 /* Info.plist */,
				5C1B7F4223DA82610093C8D2 /* MoviesViewController.swift */,
				5C4ACDF923ECF447004EA6E2 /* MovieDetailsViewController.swift */,
				5C1B7F4A23DA95640093C8D2 /* MovieCellTableViewCell.swift */,
				5C4ACE0723ECF952004EA6E2 /* MovieGridViewController.swift */,
			);
			path = Flix;
			sourceTree = "<group>";
		};
		5C1B7F2823DA80C40093C8D2 /* FlixTests */ = {
			isa = PBXGroup;
			children = (
				5C1B7F2923DA80C40093C8D2 /* FlixTests.swift */,
				5C1B7F2B23DA80C40093C8D2 /* Info.plist */,
			);
			path = FlixTests;
			sourceTree = "<group>";
		};
		5C1B7F3323DA80C40093C8D2 /* FlixUITests */ = {
			isa = PBXGroup;
			children = (
				5C1B7F3423DA80C40093C8D2 /* FlixUITests.swift */,
				5C1B7F3623DA80C40093C8D2 /* Info.plist */,
			);
			path = FlixUITests;
			sourceTree = "<group>";
		};
		9E2219618476CF6350FBC761 /* Frameworks */ = {
			isa = PBXGroup;
			children = (
				F6F150544FB41877435CC148 /* Pods_Flix.framework */,
				132F531335B4DFAF0EC3CDFF /* Pods_Flix_FlixUITests.framework */,
				42044FF10A9CDD4FFB59BE2B /* Pods_FlixTests.framework */,
			);
			name = Frameworks;
			sourceTree = "<group>";
		};
/* End PBXGroup section */

/* Begin PBXNativeTarget section */
		5C1B7F0E23DA80C20093C8D2 /* Flix */ = {
			isa = PBXNativeTarget;
			buildConfigurationList = 5C1B7F3923DA80C40093C8D2 /* Build configuration list for PBXNativeTarget "Flix" */;
			buildPhases = (
				A96164862A2FC0E2076775D4 /* [CP] Check Pods Manifest.lock */,
				5C1B7F0B23DA80C20093C8D2 /* Sources */,
				5C1B7F0C23DA80C20093C8D2 /* Frameworks */,
				5C1B7F0D23DA80C20093C8D2 /* Resources */,
				D258A9D267A9B9B8D29D6604 /* [CP] Embed Pods Frameworks */,
			);
			buildRules = (
			);
			dependencies = (
			);
			name = Flix;
			productName = Flix;
			productReference = 5C1B7F0F23DA80C20093C8D2 /* Flix.app */;
			productType = "com.apple.product-type.application";
		};
		5C1B7F2423DA80C40093C8D2 /* FlixTests */ = {
			isa = PBXNativeTarget;
			buildConfigurationList = 5C1B7F3C23DA80C40093C8D2 /* Build configuration list for PBXNativeTarget "FlixTests" */;
			buildPhases = (
				B3213B61505F65352659633D /* [CP] Check Pods Manifest.lock */,
				5C1B7F2123DA80C40093C8D2 /* Sources */,
				5C1B7F2223DA80C40093C8D2 /* Frameworks */,
				5C1B7F2323DA80C40093C8D2 /* Resources */,
			);
			buildRules = (
			);
			dependencies = (
				5C1B7F2723DA80C40093C8D2 /* PBXTargetDependency */,
			);
			name = FlixTests;
			productName = FlixTests;
			productReference = 5C1B7F2523DA80C40093C8D2 /* FlixTests.xctest */;
			productType = "com.apple.product-type.bundle.unit-test";
		};
		5C1B7F2F23DA80C40093C8D2 /* FlixUITests */ = {
			isa = PBXNativeTarget;
			buildConfigurationList = 5C1B7F3F23DA80C40093C8D2 /* Build configuration list for PBXNativeTarget "FlixUITests" */;
			buildPhases = (
				F855D352C89C3AFAD26491E6 /* [CP] Check Pods Manifest.lock */,
				5C1B7F2C23DA80C40093C8D2 /* Sources */,
				5C1B7F2D23DA80C40093C8D2 /* Frameworks */,
				5C1B7F2E23DA80C40093C8D2 /* Resources */,
				8E2AA7642E8DB34C6E5AF1D8 /* [CP] Embed Pods Frameworks */,
			);
			buildRules = (
			);
			dependencies = (
				5C1B7F3223DA80C40093C8D2 /* PBXTargetDependency */,
			);
			name = FlixUITests;
			productName = FlixUITests;
			productReference = 5C1B7F3023DA80C40093C8D2 /* FlixUITests.xctest */;
			productType = "com.apple.product-type.bundle.ui-testing";
		};
/* End PBXNativeTarget section */

/* Begin PBXProject section */
		5C1B7F0723DA80C20093C8D2 /* Project object */ = {
			isa = PBXProject;
			attributes = {
				LastSwiftUpdateCheck = 1130;
				LastUpgradeCheck = 1130;
				ORGANIZATIONNAME = codepath;
				TargetAttributes = {
					5C1B7F0E23DA80C20093C8D2 = {
						CreatedOnToolsVersion = 11.3.1;
					};
					5C1B7F2423DA80C40093C8D2 = {
						CreatedOnToolsVersion = 11.3.1;
						TestTargetID = 5C1B7F0E23DA80C20093C8D2;
					};
					5C1B7F2F23DA80C40093C8D2 = {
						CreatedOnToolsVersion = 11.3.1;
						TestTargetID = 5C1B7F0E23DA80C20093C8D2;
					};
				};
			};
			buildConfigurationList = 5C1B7F0A23DA80C20093C8D2 /* Build configuration list for PBXProject "Flix" */;
			compatibilityVersion = "Xcode 9.3";
			developmentRegion = en;
			hasScannedForEncodings = 0;
			knownRegions = (
				en,
				Base,
			);
			mainGroup = 5C1B7F0623DA80C20093C8D2;
			productRefGroup = 5C1B7F1023DA80C20093C8D2 /* Products */;
			projectDirPath = "";
			projectRoot = "";
			targets = (
				5C1B7F0E23DA80C20093C8D2 /* Flix */,
				5C1B7F2423DA80C40093C8D2 /* FlixTests */,
				5C1B7F2F23DA80C40093C8D2 /* FlixUITests */,
			);
		};
/* End PBXProject section */

/* Begin PBXResourcesBuildPhase section */
		5C1B7F0D23DA80C20093C8D2 /* Resources */ = {
			isa = PBXResourcesBuildPhase;
			buildActionMask = 2147483647;
			files = (
				5C1B7F1F23DA80C30093C8D2 /* LaunchScreen.storyboard in Resources */,
				5C1B7F1C23DA80C30093C8D2 /* Assets.xcassets in Resources */,
				5C1B7F1A23DA80C20093C8D2 /* Main.storyboard in Resources */,
			);
			runOnlyForDeploymentPostprocessing = 0;
		};
		5C1B7F2323DA80C40093C8D2 /* Resources */ = {
			isa = PBXResourcesBuildPhase;
			buildActionMask = 2147483647;
			files = (
			);
			runOnlyForDeploymentPostprocessing = 0;
		};
		5C1B7F2E23DA80C40093C8D2 /* Resources */ = {
			isa = PBXResourcesBuildPhase;
			buildActionMask = 2147483647;
			files = (
			);
			runOnlyForDeploymentPostprocessing = 0;
		};
/* End PBXResourcesBuildPhase section */

/* Begin PBXShellScriptBuildPhase section */
		8E2AA7642E8DB34C6E5AF1D8 /* [CP] Embed Pods Frameworks */ = {
			isa = PBXShellScriptBuildPhase;
			buildActionMask = 2147483647;
			files = (
			);
			inputFileListPaths = (
				"${PODS_ROOT}/Target Support Files/Pods-Flix-FlixUITests/Pods-Flix-FlixUITests-frameworks-${CONFIGURATION}-input-files.xcfilelist",
			);
			name = "[CP] Embed Pods Frameworks";
			outputFileListPaths = (
				"${PODS_ROOT}/Target Support Files/Pods-Flix-FlixUITests/Pods-Flix-FlixUITests-frameworks-${CONFIGURATION}-output-files.xcfilelist",
			);
			runOnlyForDeploymentPostprocessing = 0;
			shellPath = /bin/sh;
			shellScript = "\"${PODS_ROOT}/Target Support Files/Pods-Flix-FlixUITests/Pods-Flix-FlixUITests-frameworks.sh\"\n";
			showEnvVarsInLog = 0;
		};
		A96164862A2FC0E2076775D4 /* [CP] Check Pods Manifest.lock */ = {
			isa = PBXShellScriptBuildPhase;
			buildActionMask = 2147483647;
			files = (
			);
			inputFileListPaths = (
			);
			inputPaths = (
				"${PODS_PODFILE_DIR_PATH}/Podfile.lock",
				"${PODS_ROOT}/Manifest.lock",
			);
			name = "[CP] Check Pods Manifest.lock";
			outputFileListPaths = (
			);
			outputPaths = (
				"$(DERIVED_FILE_DIR)/Pods-Flix-checkManifestLockResult.txt",
			);
			runOnlyForDeploymentPostprocessing = 0;
			shellPath = /bin/sh;
			shellScript = "diff \"${PODS_PODFILE_DIR_PATH}/Podfile.lock\" \"${PODS_ROOT}/Manifest.lock\" > /dev/null\nif [ $? != 0 ] ; then\n    # print error to STDERR\n    echo \"error: The sandbox is not in sync with the Podfile.lock. Run 'pod install' or update your CocoaPods installation.\" >&2\n    exit 1\nfi\n# This output is used by Xcode 'outputs' to avoid re-running this script phase.\necho \"SUCCESS\" > \"${SCRIPT_OUTPUT_FILE_0}\"\n";
			showEnvVarsInLog = 0;
		};
		B3213B61505F65352659633D /* [CP] Check Pods Manifest.lock */ = {
			isa = PBXShellScriptBuildPhase;
			buildActionMask = 2147483647;
			files = (
			);
			inputFileListPaths = (
			);
			inputPaths = (
				"${PODS_PODFILE_DIR_PATH}/Podfile.lock",
				"${PODS_ROOT}/Manifest.lock",
			);
			name = "[CP] Check Pods Manifest.lock";
			outputFileListPaths = (
			);
			outputPaths = (
				"$(DERIVED_FILE_DIR)/Pods-FlixTests-checkManifestLockResult.txt",
			);
			runOnlyForDeploymentPostprocessing = 0;
			shellPath = /bin/sh;
			shellScript = "diff \"${PODS_PODFILE_DIR_PATH}/Podfile.lock\" \"${PODS_ROOT}/Manifest.lock\" > /dev/null\nif [ $? != 0 ] ; then\n    # print error to STDERR\n    echo \"error: The sandbox is not in sync with the Podfile.lock. Run 'pod install' or update your CocoaPods installation.\" >&2\n    exit 1\nfi\n# This output is used by Xcode 'outputs' to avoid re-running this script phase.\necho \"SUCCESS\" > \"${SCRIPT_OUTPUT_FILE_0}\"\n";
			showEnvVarsInLog = 0;
		};
		D258A9D267A9B9B8D29D6604 /* [CP] Embed Pods Frameworks */ = {
			isa = PBXShellScriptBuildPhase;
			buildActionMask = 2147483647;
			files = (
			);
			inputFileListPaths = (
				"${PODS_ROOT}/Target Support Files/Pods-Flix/Pods-Flix-frameworks-${CONFIGURATION}-input-files.xcfilelist",
			);
			name = "[CP] Embed Pods Frameworks";
			outputFileListPaths = (
				"${PODS_ROOT}/Target Support Files/Pods-Flix/Pods-Flix-frameworks-${CONFIGURATION}-output-files.xcfilelist",
			);
			runOnlyForDeploymentPostprocessing = 0;
			shellPath = /bin/sh;
			shellScript = "\"${PODS_ROOT}/Target Support Files/Pods-Flix/Pods-Flix-frameworks.sh\"\n";
			showEnvVarsInLog = 0;
		};
		F855D352C89C3AFAD26491E6 /* [CP] Check Pods Manifest.lock */ = {
			isa = PBXShellScriptBuildPhase;
			buildActionMask = 2147483647;
			files = (
			);
			inputFileListPaths = (
			);
			inputPaths = (
				"${PODS_PODFILE_DIR_PATH}/Podfile.lock",
				"${PODS_ROOT}/Manifest.lock",
			);
			name = "[CP] Check Pods Manifest.lock";
			outputFileListPaths = (
			);
			outputPaths = (
				"$(DERIVED_FILE_DIR)/Pods-Flix-FlixUITests-checkManifestLockResult.txt",
			);
			runOnlyForDeploymentPostprocessing = 0;
			shellPath = /bin/sh;
			shellScript = "diff \"${PODS_PODFILE_DIR_PATH}/Podfile.lock\" \"${PODS_ROOT}/Manifest.lock\" > /dev/null\nif [ $? != 0 ] ; then\n    # print error to STDERR\n    echo \"error: The sandbox is not in sync with the Podfile.lock. Run 'pod install' or update your CocoaPods installation.\" >&2\n    exit 1\nfi\n# This output is used by Xcode 'outputs' to avoid re-running this script phase.\necho \"SUCCESS\" > \"${SCRIPT_OUTPUT_FILE_0}\"\n";
			showEnvVarsInLog = 0;
		};
/* End PBXShellScriptBuildPhase section */

/* Begin PBXSourcesBuildPhase section */
		5C1B7F0B23DA80C20093C8D2 /* Sources */ = {
			isa = PBXSourcesBuildPhase;
			buildActionMask = 2147483647;
			files = (
				5C4ACDFA23ECF447004EA6E2 /* MovieDetailsViewController.swift in Sources */,
				5C1B7F1323DA80C20093C8D2 /* AppDelegate.swift in Sources */,
				5C1B7F1523DA80C20093C8D2 /* SceneDelegate.swift in Sources */,
				5C4ACE0823ECF952004EA6E2 /* MovieGridViewController.swift in Sources */,
				5C1B7F4B23DA95640093C8D2 /* MovieCellTableViewCell.swift in Sources */,
				5C4ACDFC23ECF4A9004EA6E2 /* MovieGridCell.swift in Sources */,
				5C1B7F4323DA82610093C8D2 /* MoviesViewController.swift in Sources */,
			);
			runOnlyForDeploymentPostprocessing = 0;
		};
		5C1B7F2123DA80C40093C8D2 /* Sources */ = {
			isa = PBXSourcesBuildPhase;
			buildActionMask = 2147483647;
			files = (
				5C1B7F2A23DA80C40093C8D2 /* FlixTests.swift in Sources */,
			);
			runOnlyForDeploymentPostprocessing = 0;
		};
		5C1B7F2C23DA80C40093C8D2 /* Sources */ = {
			isa = PBXSourcesBuildPhase;
			buildActionMask = 2147483647;
			files = (
				5C1B7F3523DA80C40093C8D2 /* FlixUITests.swift in Sources */,
			);
			runOnlyForDeploymentPostprocessing = 0;
		};
/* End PBXSourcesBuildPhase section */

/* Begin PBXTargetDependency section */
		5C1B7F2723DA80C40093C8D2 /* PBXTargetDependency */ = {
			isa = PBXTargetDependency;
			target = 5C1B7F0E23DA80C20093C8D2 /* Flix */;
			targetProxy = 5C1B7F2623DA80C40093C8D2 /* PBXContainerItemProxy */;
		};
		5C1B7F3223DA80C40093C8D2 /* PBXTargetDependency */ = {
			isa = PBXTargetDependency;
			target = 5C1B7F0E23DA80C20093C8D2 /* Flix */;
			targetProxy = 5C1B7F3123DA80C40093C8D2 /* PBXContainerItemProxy */;
		};
/* End PBXTargetDependency section */

/* Begin PBXVariantGroup section */
		5C1B7F1823DA80C20093C8D2 /* Main.storyboard */ = {
			isa = PBXVariantGroup;
			children = (
				5C1B7F1923DA80C20093C8D2 /* Base */,
			);
			name = Main.storyboard;
			sourceTree = "<group>";
		};
		5C1B7F1D23DA80C30093C8D2 /* LaunchScreen.storyboard */ = {
			isa = PBXVariantGroup;
			children = (
				5C1B7F1E23DA80C30093C8D2 /* Base */,
			);
			name = LaunchScreen.storyboard;
			sourceTree = "<group>";
		};
/* End PBXVariantGroup section */

/* Begin XCBuildConfiguration section */
		5C1B7F3723DA80C40093C8D2 /* Debug */ = {
			isa = XCBuildConfiguration;
			buildSettings = {
				ALWAYS_SEARCH_USER_PATHS = NO;
				CLANG_ANALYZER_NONNULL = YES;
				CLANG_ANALYZER_NUMBER_OBJECT_CONVERSION = YES_AGGRESSIVE;
				CLANG_CXX_LANGUAGE_STANDARD = "gnu++14";
				CLANG_CXX_LIBRARY = "libc++";
				CLANG_ENABLE_MODULES = YES;
				CLANG_ENABLE_OBJC_ARC = YES;
				CLANG_ENABLE_OBJC_WEAK = YES;
				CLANG_WARN_BLOCK_CAPTURE_AUTORELEASING = YES;
				CLANG_WARN_BOOL_CONVERSION = YES;
				CLANG_WARN_COMMA = YES;
				CLANG_WARN_CONSTANT_CONVERSION = YES;
				CLANG_WARN_DEPRECATED_OBJC_IMPLEMENTATIONS = YES;
				CLANG_WARN_DIRECT_OBJC_ISA_USAGE = YES_ERROR;
				CLANG_WARN_DOCUMENTATION_COMMENTS = YES;
				CLANG_WARN_EMPTY_BODY = YES;
				CLANG_WARN_ENUM_CONVERSION = YES;
				CLANG_WARN_INFINITE_RECURSION = YES;
				CLANG_WARN_INT_CONVERSION = YES;
				CLANG_WARN_NON_LITERAL_NULL_CONVERSION = YES;
				CLANG_WARN_OBJC_IMPLICIT_RETAIN_SELF = YES;
				CLANG_WARN_OBJC_LITERAL_CONVERSION = YES;
				CLANG_WARN_OBJC_ROOT_CLASS = YES_ERROR;
				CLANG_WARN_RANGE_LOOP_ANALYSIS = YES;
				CLANG_WARN_STRICT_PROTOTYPES = YES;
				CLANG_WARN_SUSPICIOUS_MOVE = YES;
				CLANG_WARN_UNGUARDED_AVAILABILITY = YES_AGGRESSIVE;
				CLANG_WARN_UNREACHABLE_CODE = YES;
				CLANG_WARN__DUPLICATE_METHOD_MATCH = YES;
				COPY_PHASE_STRIP = NO;
				DEBUG_INFORMATION_FORMAT = dwarf;
				ENABLE_STRICT_OBJC_MSGSEND = YES;
				ENABLE_TESTABILITY = YES;
				GCC_C_LANGUAGE_STANDARD = gnu11;
				GCC_DYNAMIC_NO_PIC = NO;
				GCC_NO_COMMON_BLOCKS = YES;
				GCC_OPTIMIZATION_LEVEL = 0;
				GCC_PREPROCESSOR_DEFINITIONS = (
					"DEBUG=1",
					"$(inherited)",
				);
				GCC_WARN_64_TO_32_BIT_CONVERSION = YES;
				GCC_WARN_ABOUT_RETURN_TYPE = YES_ERROR;
				GCC_WARN_UNDECLARED_SELECTOR = YES;
				GCC_WARN_UNINITIALIZED_AUTOS = YES_AGGRESSIVE;
				GCC_WARN_UNUSED_FUNCTION = YES;
				GCC_WARN_UNUSED_VARIABLE = YES;
				IPHONEOS_DEPLOYMENT_TARGET = 13.2;
				MTL_ENABLE_DEBUG_INFO = INCLUDE_SOURCE;
				MTL_FAST_MATH = YES;
				ONLY_ACTIVE_ARCH = YES;
				SDKROOT = iphoneos;
				SWIFT_ACTIVE_COMPILATION_CONDITIONS = DEBUG;
				SWIFT_OPTIMIZATION_LEVEL = "-Onone";
			};
			name = Debug;
		};
		5C1B7F3823DA80C40093C8D2 /* Release */ = {
			isa = XCBuildConfiguration;
			buildSettings = {
				ALWAYS_SEARCH_USER_PATHS = NO;
				CLANG_ANALYZER_NONNULL = YES;
				CLANG_ANALYZER_NUMBER_OBJECT_CONVERSION = YES_AGGRESSIVE;
				CLANG_CXX_LANGUAGE_STANDARD = "gnu++14";
				CLANG_CXX_LIBRARY = "libc++";
				CLANG_ENABLE_MODULES = YES;
				CLANG_ENABLE_OBJC_ARC = YES;
				CLANG_ENABLE_OBJC_WEAK = YES;
				CLANG_WARN_BLOCK_CAPTURE_AUTORELEASING = YES;
				CLANG_WARN_BOOL_CONVERSION = YES;
				CLANG_WARN_COMMA = YES;
				CLANG_WARN_CONSTANT_CONVERSION = YES;
				CLANG_WARN_DEPRECATED_OBJC_IMPLEMENTATIONS = YES;
				CLANG_WARN_DIRECT_OBJC_ISA_USAGE = YES_ERROR;
				CLANG_WARN_DOCUMENTATION_COMMENTS = YES;
				CLANG_WARN_EMPTY_BODY = YES;
				CLANG_WARN_ENUM_CONVERSION = YES;
				CLANG_WARN_INFINITE_RECURSION = YES;
				CLANG_WARN_INT_CONVERSION = YES;
				CLANG_WARN_NON_LITERAL_NULL_CONVERSION = YES;
				CLANG_WARN_OBJC_IMPLICIT_RETAIN_SELF = YES;
				CLANG_WARN_OBJC_LITERAL_CONVERSION = YES;
				CLANG_WARN_OBJC_ROOT_CLASS = YES_ERROR;
				CLANG_WARN_RANGE_LOOP_ANALYSIS = YES;
				CLANG_WARN_STRICT_PROTOTYPES = YES;
				CLANG_WARN_SUSPICIOUS_MOVE = YES;
				CLANG_WARN_UNGUARDED_AVAILABILITY = YES_AGGRESSIVE;
				CLANG_WARN_UNREACHABLE_CODE = YES;
				CLANG_WARN__DUPLICATE_METHOD_MATCH = YES;
				COPY_PHASE_STRIP = NO;
				DEBUG_INFORMATION_FORMAT = "dwarf-with-dsym";
				ENABLE_NS_ASSERTIONS = NO;
				ENABLE_STRICT_OBJC_MSGSEND = YES;
				GCC_C_LANGUAGE_STANDARD = gnu11;
				GCC_NO_COMMON_BLOCKS = YES;
				GCC_WARN_64_TO_32_BIT_CONVERSION = YES;
				GCC_WARN_ABOUT_RETURN_TYPE = YES_ERROR;
				GCC_WARN_UNDECLARED_SELECTOR = YES;
				GCC_WARN_UNINITIALIZED_AUTOS = YES_AGGRESSIVE;
				GCC_WARN_UNUSED_FUNCTION = YES;
				GCC_WARN_UNUSED_VARIABLE = YES;
				IPHONEOS_DEPLOYMENT_TARGET = 13.2;
				MTL_ENABLE_DEBUG_INFO = NO;
				MTL_FAST_MATH = YES;
				SDKROOT = iphoneos;
				SWIFT_COMPILATION_MODE = wholemodule;
				SWIFT_OPTIMIZATION_LEVEL = "-O";
				VALIDATE_PRODUCT = YES;
			};
			name = Release;
		};
		5C1B7F3A23DA80C40093C8D2 /* Debug */ = {
			isa = XCBuildConfiguration;
			baseConfigurationReference = 48C944C1DA238B26D26A834E /* Pods-Flix.debug.xcconfig */;
			buildSettings = {
				ASSETCATALOG_COMPILER_APPICON_NAME = AppIcon;
				CODE_SIGN_STYLE = Automatic;
				INFOPLIST_FILE = Flix/Info.plist;
				LD_RUNPATH_SEARCH_PATHS = (
					"$(inherited)",
					"@executable_path/Frameworks",
				);
				PRODUCT_BUNDLE_IDENTIFIER = com.codepath.Flix;
				PRODUCT_NAME = "$(TARGET_NAME)";
				SWIFT_VERSION = 5.0;
				TARGETED_DEVICE_FAMILY = "1,2";
			};
			name = Debug;
		};
		5C1B7F3B23DA80C40093C8D2 /* Release */ = {
			isa = XCBuildConfiguration;
			baseConfigurationReference = AEB350B08BE61FEBF8FCC114 /* Pods-Flix.release.xcconfig */;
			buildSettings = {
				ASSETCATALOG_COMPILER_APPICON_NAME = AppIcon;
				CODE_SIGN_STYLE = Automatic;
				INFOPLIST_FILE = Flix/Info.plist;
				LD_RUNPATH_SEARCH_PATHS = (
					"$(inherited)",
					"@executable_path/Frameworks",
				);
				PRODUCT_BUNDLE_IDENTIFIER = com.codepath.Flix;
				PRODUCT_NAME = "$(TARGET_NAME)";
				SWIFT_VERSION = 5.0;
				TARGETED_DEVICE_FAMILY = "1,2";
			};
			name = Release;
		};
		5C1B7F3D23DA80C40093C8D2 /* Debug */ = {
			isa = XCBuildConfiguration;
			baseConfigurationReference = FF066E08AE42EE323ABB5694 /* Pods-FlixTests.debug.xcconfig */;
			buildSettings = {
				ALWAYS_EMBED_SWIFT_STANDARD_LIBRARIES = YES;
				BUNDLE_LOADER = "$(TEST_HOST)";
				CODE_SIGN_STYLE = Automatic;
				INFOPLIST_FILE = FlixTests/Info.plist;
				IPHONEOS_DEPLOYMENT_TARGET = 13.2;
				LD_RUNPATH_SEARCH_PATHS = (
					"$(inherited)",
					"@executable_path/Frameworks",
					"@loader_path/Frameworks",
				);
				PRODUCT_BUNDLE_IDENTIFIER = com.codepath.FlixTests;
				PRODUCT_NAME = "$(TARGET_NAME)";
				SWIFT_VERSION = 5.0;
				TARGETED_DEVICE_FAMILY = "1,2";
				TEST_HOST = "$(BUILT_PRODUCTS_DIR)/Flix.app/Flix";
			};
			name = Debug;
		};
		5C1B7F3E23DA80C40093C8D2 /* Release */ = {
			isa = XCBuildConfiguration;
			baseConfigurationReference = AB363C6FB6C5D6FD046CE34D /* Pods-FlixTests.release.xcconfig */;
			buildSettings = {
				ALWAYS_EMBED_SWIFT_STANDARD_LIBRARIES = YES;
				BUNDLE_LOADER = "$(TEST_HOST)";
				CODE_SIGN_STYLE = Automatic;
				INFOPLIST_FILE = FlixTests/Info.plist;
				IPHONEOS_DEPLOYMENT_TARGET = 13.2;
				LD_RUNPATH_SEARCH_PATHS = (
					"$(inherited)",
					"@executable_path/Frameworks",
					"@loader_path/Frameworks",
				);
				PRODUCT_BUNDLE_IDENTIFIER = com.codepath.FlixTests;
				PRODUCT_NAME = "$(TARGET_NAME)";
				SWIFT_VERSION = 5.0;
				TARGETED_DEVICE_FAMILY = "1,2";
				TEST_HOST = "$(BUILT_PRODUCTS_DIR)/Flix.app/Flix";
			};
			name = Release;
		};
		5C1B7F4023DA80C40093C8D2 /* Debug */ = {
			isa = XCBuildConfiguration;
			baseConfigurationReference = BCCB41A5C3E5F369A6400A5F /* Pods-Flix-FlixUITests.debug.xcconfig */;
			buildSettings = {
				ALWAYS_EMBED_SWIFT_STANDARD_LIBRARIES = YES;
				CODE_SIGN_STYLE = Automatic;
				INFOPLIST_FILE = FlixUITests/Info.plist;
				LD_RUNPATH_SEARCH_PATHS = (
					"$(inherited)",
					"@executable_path/Frameworks",
					"@loader_path/Frameworks",
				);
				PRODUCT_BUNDLE_IDENTIFIER = com.codepath.FlixUITests;
				PRODUCT_NAME = "$(TARGET_NAME)";
				SWIFT_VERSION = 5.0;
				TARGETED_DEVICE_FAMILY = "1,2";
				TEST_TARGET_NAME = Flix;
			};
			name = Debug;
		};
		5C1B7F4123DA80C40093C8D2 /* Release */ = {
			isa = XCBuildConfiguration;
			baseConfigurationReference = 1AFB1FBC3789BE6E43B5D427 /* Pods-Flix-FlixUITests.release.xcconfig */;
			buildSettings = {
				ALWAYS_EMBED_SWIFT_STANDARD_LIBRARIES = YES;
				CODE_SIGN_STYLE = Automatic;
				INFOPLIST_FILE = FlixUITests/Info.plist;
				LD_RUNPATH_SEARCH_PATHS = (
					"$(inherited)",
					"@executable_path/Frameworks",
					"@loader_path/Frameworks",
				);
				PRODUCT_BUNDLE_IDENTIFIER = com.codepath.FlixUITests;
				PRODUCT_NAME = "$(TARGET_NAME)";
				SWIFT_VERSION = 5.0;
				TARGETED_DEVICE_FAMILY = "1,2";
				TEST_TARGET_NAME = Flix;
			};
			name = Release;
		};
/* End XCBuildConfiguration section */

/* Begin XCConfigurationList section */
		5C1B7F0A23DA80C20093C8D2 /* Build configuration list for PBXProject "Flix" */ = {
			isa = XCConfigurationList;
			buildConfigurations = (
				5C1B7F3723DA80C40093C8D2 /* Debug */,
				5C1B7F3823DA80C40093C8D2 /* Release */,
			);
			defaultConfigurationIsVisible = 0;
			defaultConfigurationName = Release;
		};
		5C1B7F3923DA80C40093C8D2 /* Build configuration list for PBXNativeTarget "Flix" */ = {
			isa = XCConfigurationList;
			buildConfigurations = (
				5C1B7F3A23DA80C40093C8D2 /* Debug */,
				5C1B7F3B23DA80C40093C8D2 /* Release */,
			);
			defaultConfigurationIsVisible = 0;
			defaultConfigurationName = Release;
		};
		5C1B7F3C23DA80C40093C8D2 /* Build configuration list for PBXNativeTarget "FlixTests" */ = {
			isa = XCConfigurationList;
			buildConfigurations = (
				5C1B7F3D23DA80C40093C8D2 /* Debug */,
				5C1B7F3E23DA80C40093C8D2 /* Release */,
			);
			defaultConfigurationIsVisible = 0;
			defaultConfigurationName = Release;
		};
		5C1B7F3F23DA80C40093C8D2 /* Build configuration list for PBXNativeTarget "FlixUITests" */ = {
			isa = XCConfigurationList;
			buildConfigurations = (
				5C1B7F4023DA80C40093C8D2 /* Debug */,
				5C1B7F4123DA80C40093C8D2 /* Release */,
			);
			defaultConfigurationIsVisible = 0;
			defaultConfigurationName = Release;
		};
/* End XCConfigurationList section */
	};
	rootObject = 5C1B7F0723DA80C20093C8D2 /* Project object */;
}
